
Microsoft Visual Studio Solution File, Format Version 12.00
# Visual Studio Version 16
VisualStudioVersion = 16.0.29318.209
MinimumVisualStudioVersion = 10.0.40219.1
Project("{FAE04EC0-301F-11D3-BF4B-00C04F79EFBC}") = "SmartProject", "SmartProject\SmartProject.csproj", "{7AA000F1-7581-4E33-8B5B-B969321A333D}"
EndProject
Global
	GlobalSection(SolutionConfigurationPlatforms) = preSolution
		Debug|Any CPU = Debug|Any CPU
		Release|Any CPU = Release|Any CPU
	EndGlobalSection
	GlobalSection(ProjectConfigurationPlatforms) = postSolution
		{7AA000F1-7581-4E33-8B5B-B969321A333D}.Debug|Any CPU.ActiveCfg = Debug|Any CPU
		{7AA000F1-7581-4E33-8B5B-B969321A333D}.Debug|Any CPU.Build.0 = Debug|Any CPU
		{7AA000F1-7581-4E33-8B5B-B969321A333D}.Release|Any CPU.ActiveCfg = Release|Any CPU
		{7AA000F1-7581-4E33-8B5B-B969321A333D}.Release|Any CPU.Build.0 = Release|Any CPU
	EndGlobalSection
	GlobalSection(SolutionProperties) = preSolution
		HideSolutionNode = FALSE
	EndGlobalSection
	GlobalSection(ExtensibilityGlobals) = postSolution
		SolutionGuid = {84904A84-BE95-4346-B192-34A66B7BAB7B}
	EndGlobalSection
EndGlobal
